// !$*UTF8*$!
{
	archiveVersion = 1;
	classes = {
	};
	objectVersion = 50;
	objects = {

/* Begin PBXBuildFile section */
		0227573D262AD1CB00FEAF43 /* AppDelegate.swift in Sources */ = {isa = PBXBuildFile; fileRef = 0227573C262AD1CB00FEAF43 /* AppDelegate.swift */; };
		0227573F262AD1CB00FEAF43 /* SceneDelegate.swift in Sources */ = {isa = PBXBuildFile; fileRef = 0227573E262AD1CB00FEAF43 /* SceneDelegate.swift */; };
		02275741262AD1CB00FEAF43 /* ViewController.swift in Sources */ = {isa = PBXBuildFile; fileRef = 02275740262AD1CB00FEAF43 /* ViewController.swift */; };
		02275744262AD1CB00FEAF43 /* Main.storyboard in Resources */ = {isa = PBXBuildFile; fileRef = 02275742262AD1CB00FEAF43 /* Main.storyboard */; };
		02275746262AD1CC00FEAF43 /* Assets.xcassets in Resources */ = {isa = PBXBuildFile; fileRef = 02275745262AD1CC00FEAF43 /* Assets.xcassets */; };
		02275749262AD1CC00FEAF43 /* LaunchScreen.storyboard in Resources */ = {isa = PBXBuildFile; fileRef = 02275747262AD1CC00FEAF43 /* LaunchScreen.storyboard */; };
		022A8DB8262E0558007C5557 /* DisplayViewController.swift in Sources */ = {isa = PBXBuildFile; fileRef = 022A8DB7262E0558007C5557 /* DisplayViewController.swift */; };
		022A8DBA262E0561007C5557 /* PrintViewController.swift in Sources */ = {isa = PBXBuildFile; fileRef = 022A8DB9262E0561007C5557 /* PrintViewController.swift */; };
		024F4944262C59F4005C04BB /* CmsViewController.swift in Sources */ = {isa = PBXBuildFile; fileRef = 024F4943262C59F4005C04BB /* CmsViewController.swift */; };
		024F4946262C5A07005C04BB /* EcommerceSolutionsViewController.swift in Sources */ = {isa = PBXBuildFile; fileRef = 024F4945262C5A07005C04BB /* EcommerceSolutionsViewController.swift */; };
		024F4948262C5A16005C04BB /* GoogleAdwordsViewController.swift in Sources */ = {isa = PBXBuildFile; fileRef = 024F4947262C5A16005C04BB /* GoogleAdwordsViewController.swift */; };
		024F494A262C5A21005C04BB /* LeadGenerationViewController.swift in Sources */ = {isa = PBXBuildFile; fileRef = 024F4949262C5A21005C04BB /* LeadGenerationViewController.swift */; };
		024F494C262C5A2B005C04BB /* LogoDesignViewController.swift in Sources */ = {isa = PBXBuildFile; fileRef = 024F494B262C5A2B005C04BB /* LogoDesignViewController.swift */; };
		024F494E262C5A36005C04BB /* PublicRelationsViewController.swift in Sources */ = {isa = PBXBuildFile; fileRef = 024F494D262C5A36005C04BB /* PublicRelationsViewController.swift */; };
		024F4950262C5A40005C04BB /* MarketingViewController.swift in Sources */ = {isa = PBXBuildFile; fileRef = 024F494F262C5A40005C04BB /* MarketingViewController.swift */; };
		024F4952262C5A4E005C04BB /* SearchEngineViewController.swift in Sources */ = {isa = PBXBuildFile; fileRef = 024F4951262C5A4E005C04BB /* SearchEngineViewController.swift */; };
		024F4954262C5A58005C04BB /* SocialMediaViewController.swift in Sources */ = {isa = PBXBuildFile; fileRef = 024F4953262C5A58005C04BB /* SocialMediaViewController.swift */; };
		024F4956262C5A69005C04BB /* WebAppDesignDevViewController.swift in Sources */ = {isa = PBXBuildFile; fileRef = 024F4955262C5A69005C04BB /* WebAppDesignDevViewController.swift */; };
		024F4958262C5E3B005C04BB /* AdvertisingViewController.swift in Sources */ = {isa = PBXBuildFile; fileRef = 024F4957262C5E3B005C04BB /* AdvertisingViewController.swift */; };
		024F495A262C5E4B005C04BB /* AffiliateViewController.swift in Sources */ = {isa = PBXBuildFile; fileRef = 024F4959262C5E4B005C04BB /* AffiliateViewController.swift */; };
		024F495C262C5E54005C04BB /* ContentViewController.swift in Sources */ = {isa = PBXBuildFile; fileRef = 024F495B262C5E54005C04BB /* ContentViewController.swift */; };
		024F495E262C5E5F005C04BB /* EmailViewController.swift in Sources */ = {isa = PBXBuildFile; fileRef = 024F495D262C5E5F005C04BB /* EmailViewController.swift */; };
		024F4960262C5EE9005C04BB /* InfluenceViewController.swift in Sources */ = {isa = PBXBuildFile; fileRef = 024F495F262C5EE9005C04BB /* InfluenceViewController.swift */; };
		024F4962262C5EF8005C04BB /* SeaEngViewController.swift in Sources */ = {isa = PBXBuildFile; fileRef = 024F4961262C5EF8005C04BB /* SeaEngViewController.swift */; };
		024F4964262C5F0E005C04BB /* SocMedViewController.swift in Sources */ = {isa = PBXBuildFile; fileRef = 024F4963262C5F0E005C04BB /* SocMedViewController.swift */; };
		024F4966262C5F18005C04BB /* SmsViewController.swift in Sources */ = {isa = PBXBuildFile; fileRef = 024F4965262C5F18005C04BB /* SmsViewController.swift */; };
		024F4968262C5F21005C04BB /* VideoViewController.swift in Sources */ = {isa = PBXBuildFile; fileRef = 024F4967262C5F21005C04BB /* VideoViewController.swift */; };
		024F496A262C5F2D005C04BB /* WhatsappViewController.swift in Sources */ = {isa = PBXBuildFile; fileRef = 024F4969262C5F2D005C04BB /* WhatsappViewController.swift */; };
		029CA347262C2894007087F2 /* AboutViewController.swift in Sources */ = {isa = PBXBuildFile; fileRef = 029CA346262C2894007087F2 /* AboutViewController.swift */; };
		029CA34A262C28E1007087F2 /* AdsNetworkViewController.swift in Sources */ = {isa = PBXBuildFile; fileRef = 029CA349262C28E1007087F2 /* AdsNetworkViewController.swift */; };
		029CA34D262C2908007087F2 /* ServicesViewController.swift in Sources */ = {isa = PBXBuildFile; fileRef = 029CA34C262C2908007087F2 /* ServicesViewController.swift */; };
		029CA350262C2922007087F2 /* DigitalConsultancyViewController.swift in Sources */ = {isa = PBXBuildFile; fileRef = 029CA34F262C2922007087F2 /* DigitalConsultancyViewController.swift */; };
		029CA353262C293E007087F2 /* DigitalTrainingViewController.swift in Sources */ = {isa = PBXBuildFile; fileRef = 029CA352262C293E007087F2 /* DigitalTrainingViewController.swift */; };
		029CA356262C2960007087F2 /* HiringViewController.swift in Sources */ = {isa = PBXBuildFile; fileRef = 029CA355262C2960007087F2 /* HiringViewController.swift */; };
		029CA359262C38DC007087F2 /* BlogViewController.swift in Sources */ = {isa = PBXBuildFile; fileRef = 029CA358262C38DC007087F2 /* BlogViewController.swift */; };
		029CA35C262C4222007087F2 /* AdvertiserViewController.swift in Sources */ = {isa = PBXBuildFile; fileRef = 029CA35B262C4222007087F2 /* AdvertiserViewController.swift */; };
		029CA35F262C4240007087F2 /* PublisherViewController.swift in Sources */ = {isa = PBXBuildFile; fileRef = 029CA35E262C4240007087F2 /* PublisherViewController.swift */; };
/* End PBXBuildFile section */

/* Begin PBXFileReference section */
		02275739262AD1CB00FEAF43 /* Bridging Points Media.app */ = {isa = PBXFileReference; explicitFileType = wrapper.application; includeInIndex = 0; path = "Bridging Points Media.app"; sourceTree = BUILT_PRODUCTS_DIR; };
		0227573C262AD1CB00FEAF43 /* AppDelegate.swift */ = {isa = PBXFileReference; lastKnownFileType = sourcecode.swift; path = AppDelegate.swift; sourceTree = "<group>"; };
		0227573E262AD1CB00FEAF43 /* SceneDelegate.swift */ = {isa = PBXFileReference; lastKnownFileType = sourcecode.swift; path = SceneDelegate.swift; sourceTree = "<group>"; };
		02275740262AD1CB00FEAF43 /* ViewController.swift */ = {isa = PBXFileReference; lastKnownFileType = sourcecode.swift; path = ViewController.swift; sourceTree = "<group>"; };
		02275743262AD1CB00FEAF43 /* Base */ = {isa = PBXFileReference; lastKnownFileType = file.storyboard; name = Base; path = Base.lproj/Main.storyboard; sourceTree = "<group>"; };
		02275745262AD1CC00FEAF43 /* Assets.xcassets */ = {isa = PBXFileReference; lastKnownFileType = folder.assetcatalog; path = Assets.xcassets; sourceTree = "<group>"; };
		02275748262AD1CC00FEAF43 /* Base */ = {isa = PBXFileReference; lastKnownFileType = file.storyboard; name = Base; path = Base.lproj/LaunchScreen.storyboard; sourceTree = "<group>"; };
		0227574A262AD1CC00FEAF43 /* Info.plist */ = {isa = PBXFileReference; lastKnownFileType = text.plist.xml; path = Info.plist; sourceTree = "<group>"; };
		022A8DB7262E0558007C5557 /* DisplayViewController.swift */ = {isa = PBXFileReference; lastKnownFileType = sourcecode.swift; path = DisplayViewController.swift; sourceTree = "<group>"; };
		022A8DB9262E0561007C5557 /* PrintViewController.swift */ = {isa = PBXFileReference; lastKnownFileType = sourcecode.swift; path = PrintViewController.swift; sourceTree = "<group>"; };
		024F4943262C59F4005C04BB /* CmsViewController.swift */ = {isa = PBXFileReference; lastKnownFileType = sourcecode.swift; path = CmsViewController.swift; sourceTree = "<group>"; };
		024F4945262C5A07005C04BB /* EcommerceSolutionsViewController.swift */ = {isa = PBXFileReference; lastKnownFileType = sourcecode.swift; path = EcommerceSolutionsViewController.swift; sourceTree = "<group>"; };
		024F4947262C5A16005C04BB /* GoogleAdwordsViewController.swift */ = {isa = PBXFileReference; lastKnownFileType = sourcecode.swift; path = GoogleAdwordsViewController.swift; sourceTree = "<group>"; };
		024F4949262C5A21005C04BB /* LeadGenerationViewController.swift */ = {isa = PBXFileReference; lastKnownFileType = sourcecode.swift; path = LeadGenerationViewController.swift; sourceTree = "<group>"; };
		024F494B262C5A2B005C04BB /* LogoDesignViewController.swift */ = {isa = PBXFileReference; lastKnownFileType = sourcecode.swift; path = LogoDesignViewController.swift; sourceTree = "<group>"; };
		024F494D262C5A36005C04BB /* PublicRelationsViewController.swift */ = {isa = PBXFileReference; lastKnownFileType = sourcecode.swift; path = PublicRelationsViewController.swift; sourceTree = "<group>"; };
		024F494F262C5A40005C04BB /* MarketingViewController.swift */ = {isa = PBXFileReference; lastKnownFileType = sourcecode.swift; path = MarketingViewController.swift; sourceTree = "<group>"; };
		024F4951262C5A4E005C04BB /* SearchEngineViewController.swift */ = {isa = PBXFileReference; lastKnownFileType = sourcecode.swift; path = SearchEngineViewController.swift; sourceTree = "<group>"; };
		024F4953262C5A58005C04BB /* SocialMediaViewController.swift */ = {isa = PBXFileReference; lastKnownFileType = sourcecode.swift; path = SocialMediaViewController.swift; sourceTree = "<group>"; };
		024F4955262C5A69005C04BB /* WebAppDesignDevViewController.swift */ = {isa = PBXFileReference; lastKnownFileType = sourcecode.swift; path = WebAppDesignDevViewController.swift; sourceTree = "<group>"; };
		024F4957262C5E3B005C04BB /* AdvertisingViewController.swift */ = {isa = PBXFileReference; lastKnownFileType = sourcecode.swift; path = AdvertisingViewController.swift; sourceTree = "<group>"; };
		024F4959262C5E4B005C04BB /* AffiliateViewController.swift */ = {isa = PBXFileReference; lastKnownFileType = sourcecode.swift; path = AffiliateViewController.swift; sourceTree = "<group>"; };
		024F495B262C5E54005C04BB /* ContentViewController.swift */ = {isa = PBXFileReference; lastKnownFileType = sourcecode.swift; path = ContentViewController.swift; sourceTree = "<group>"; };
		024F495D262C5E5F005C04BB /* EmailViewController.swift */ = {isa = PBXFileReference; lastKnownFileType = sourcecode.swift; path = EmailViewController.swift; sourceTree = "<group>"; };
		024F495F262C5EE9005C04BB /* InfluenceViewController.swift */ = {isa = PBXFileReference; lastKnownFileType = sourcecode.swift; path = InfluenceViewController.swift; sourceTree = "<group>"; };
		024F4961262C5EF8005C04BB /* SeaEngViewController.swift */ = {isa = PBXFileReference; lastKnownFileType = sourcecode.swift; path = SeaEngViewController.swift; sourceTree = "<group>"; };
		024F4963262C5F0E005C04BB /* SocMedViewController.swift */ = {isa = PBXFileReference; lastKnownFileType = sourcecode.swift; path = SocMedViewController.swift; sourceTree = "<group>"; };
		024F4965262C5F18005C04BB /* SmsViewController.swift */ = {isa = PBXFileReference; lastKnownFileType = sourcecode.swift; path = SmsViewController.swift; sourceTree = "<group>"; };
		024F4967262C5F21005C04BB /* VideoViewController.swift */ = {isa = PBXFileReference; lastKnownFileType = sourcecode.swift; path = VideoViewController.swift; sourceTree = "<group>"; };
		024F4969262C5F2D005C04BB /* WhatsappViewController.swift */ = {isa = PBXFileReference; lastKnownFileType = sourcecode.swift; path = WhatsappViewController.swift; sourceTree = "<group>"; };
		029CA346262C2894007087F2 /* AboutViewController.swift */ = {isa = PBXFileReference; lastKnownFileType = sourcecode.swift; path = AboutViewController.swift; sourceTree = "<group>"; };
		029CA349262C28E1007087F2 /* AdsNetworkViewController.swift */ = {isa = PBXFileReference; lastKnownFileType = sourcecode.swift; path = AdsNetworkViewController.swift; sourceTree = "<group>"; };
		029CA34C262C2908007087F2 /* ServicesViewController.swift */ = {isa = PBXFileReference; lastKnownFileType = sourcecode.swift; path = ServicesViewController.swift; sourceTree = "<group>"; };
		029CA34F262C2922007087F2 /* DigitalConsultancyViewController.swift */ = {isa = PBXFileReference; lastKnownFileType = sourcecode.swift; path = DigitalConsultancyViewController.swift; sourceTree = "<group>"; };
		029CA352262C293E007087F2 /* DigitalTrainingViewController.swift */ = {isa = PBXFileReference; lastKnownFileType = sourcecode.swift; path = DigitalTrainingViewController.swift; sourceTree = "<group>"; };
		029CA355262C2960007087F2 /* HiringViewController.swift */ = {isa = PBXFileReference; lastKnownFileType = sourcecode.swift; path = HiringViewController.swift; sourceTree = "<group>"; };
		029CA358262C38DC007087F2 /* BlogViewController.swift */ = {isa = PBXFileReference; lastKnownFileType = sourcecode.swift; path = BlogViewController.swift; sourceTree = "<group>"; };
		029CA35B262C4222007087F2 /* AdvertiserViewController.swift */ = {isa = PBXFileReference; lastKnownFileType = sourcecode.swift; path = AdvertiserViewController.swift; sourceTree = "<group>"; };
		029CA35E262C4240007087F2 /* PublisherViewController.swift */ = {isa = PBXFileReference; lastKnownFileType = sourcecode.swift; path = PublisherViewController.swift; sourceTree = "<group>"; };
/* End PBXFileReference section */

/* Begin PBXFrameworksBuildPhase section */
		02275736262AD1CB00FEAF43 /* Frameworks */ = {
			isa = PBXFrameworksBuildPhase;
			buildActionMask = 2147483647;
			files = (
			);
			runOnlyForDeploymentPostprocessing = 0;
		};
/* End PBXFrameworksBuildPhase section */

/* Begin PBXGroup section */
		02275730262AD1CB00FEAF43 = {
			isa = PBXGroup;
			children = (
				0227573B262AD1CB00FEAF43 /* Bridging Points Media */,
				0227573A262AD1CB00FEAF43 /* Products */,
			);
			sourceTree = "<group>";
		};
		0227573A262AD1CB00FEAF43 /* Products */ = {
			isa = PBXGroup;
			children = (
				02275739262AD1CB00FEAF43 /* Bridging Points Media.app */,
			);
			name = Products;
			sourceTree = "<group>";
		};
		0227573B262AD1CB00FEAF43 /* Bridging Points Media */ = {
			isa = PBXGroup;
			children = (
				0227573C262AD1CB00FEAF43 /* AppDelegate.swift */,
				0227573E262AD1CB00FEAF43 /* SceneDelegate.swift */,
				02275740262AD1CB00FEAF43 /* ViewController.swift */,
				029CA346262C2894007087F2 /* AboutViewController.swift */,
				029CA349262C28E1007087F2 /* AdsNetworkViewController.swift */,
				02275747262AD1CC00FEAF43 /* LaunchScreen.storyboard */,
				029CA35B262C4222007087F2 /* AdvertiserViewController.swift */,
				029CA35E262C4240007087F2 /* PublisherViewController.swift */,
				029CA34C262C2908007087F2 /* ServicesViewController.swift */,
				02275742262AD1CB00FEAF43 /* Main.storyboard */,
				024F4943262C59F4005C04BB /* CmsViewController.swift */,
				024F4945262C5A07005C04BB /* EcommerceSolutionsViewController.swift */,
				024F4947262C5A16005C04BB /* GoogleAdwordsViewController.swift */,
				024F4949262C5A21005C04BB /* LeadGenerationViewController.swift */,
				024F494B262C5A2B005C04BB /* LogoDesignViewController.swift */,
				024F494D262C5A36005C04BB /* PublicRelationsViewController.swift */,
				024F494F262C5A40005C04BB /* MarketingViewController.swift */,
				02275745262AD1CC00FEAF43 /* Assets.xcassets */,
				024F4957262C5E3B005C04BB /* AdvertisingViewController.swift */,
				022A8DB7262E0558007C5557 /* DisplayViewController.swift */,
				022A8DB9262E0561007C5557 /* PrintViewController.swift */,
				024F4959262C5E4B005C04BB /* AffiliateViewController.swift */,
				024F495B262C5E54005C04BB /* ContentViewController.swift */,
				024F495D262C5E5F005C04BB /* EmailViewController.swift */,
				024F495F262C5EE9005C04BB /* InfluenceViewController.swift */,
				024F4961262C5EF8005C04BB /* SeaEngViewController.swift */,
				024F4963262C5F0E005C04BB /* SocMedViewController.swift */,
				024F4965262C5F18005C04BB /* SmsViewController.swift */,
				024F4967262C5F21005C04BB /* VideoViewController.swift */,
				024F4969262C5F2D005C04BB /* WhatsappViewController.swift */,
				0227574A262AD1CC00FEAF43 /* Info.plist */,
				024F4951262C5A4E005C04BB /* SearchEngineViewController.swift */,
				024F4953262C5A58005C04BB /* SocialMediaViewController.swift */,
				024F4955262C5A69005C04BB /* WebAppDesignDevViewController.swift */,
				029CA34F262C2922007087F2 /* DigitalConsultancyViewController.swift */,
				029CA352262C293E007087F2 /* DigitalTrainingViewController.swift */,
				029CA355262C2960007087F2 /* HiringViewController.swift */,
				029CA358262C38DC007087F2 /* BlogViewController.swift */,
			);
			path = "Bridging Points Media";
			sourceTree = "<group>";
		};
/* End PBXGroup section */

/* Begin PBXNativeTarget section */
		02275738262AD1CB00FEAF43 /* Bridging Points Media */ = {
			isa = PBXNativeTarget;
			buildConfigurationList = 0227574D262AD1CC00FEAF43 /* Build configuration list for PBXNativeTarget "Bridging Points Media" */;
			buildPhases = (
				02275735262AD1CB00FEAF43 /* Sources */,
				02275736262AD1CB00FEAF43 /* Frameworks */,
				02275737262AD1CB00FEAF43 /* Resources */,
			);
			buildRules = (
			);
			dependencies = (
			);
			name = "Bridging Points Media";
			productName = "Bridging Points Media";
			productReference = 02275739262AD1CB00FEAF43 /* Bridging Points Media.app */;
			productType = "com.apple.product-type.application";
		};
/* End PBXNativeTarget section */

/* Begin PBXProject section */
		02275731262AD1CB00FEAF43 /* Project object */ = {
			isa = PBXProject;
			attributes = {
				LastSwiftUpdateCheck = 1240;
				LastUpgradeCheck = 1240;
				TargetAttributes = {
					02275738262AD1CB00FEAF43 = {
						CreatedOnToolsVersion = 12.4;
					};
				};
			};
			buildConfigurationList = 02275734262AD1CB00FEAF43 /* Build configuration list for PBXProject "Bridging Points Media" */;
			compatibilityVersion = "Xcode 9.3";
			developmentRegion = en;
			hasScannedForEncodings = 0;
			knownRegions = (
				en,
				Base,
			);
			mainGroup = 02275730262AD1CB00FEAF43;
			productRefGroup = 0227573A262AD1CB00FEAF43 /* Products */;
			projectDirPath = "";
			projectRoot = "";
			targets = (
				02275738262AD1CB00FEAF43 /* Bridging Points Media */,
			);
		};
/* End PBXProject section */

/* Begin PBXResourcesBuildPhase section */
		02275737262AD1CB00FEAF43 /* Resources */ = {
			isa = PBXResourcesBuildPhase;
			buildActionMask = 2147483647;
			files = (
				02275749262AD1CC00FEAF43 /* LaunchScreen.storyboard in Resources */,
				02275746262AD1CC00FEAF43 /* Assets.xcassets in Resources */,
				02275744262AD1CB00FEAF43 /* Main.storyboard in Resources */,
			);
			runOnlyForDeploymentPostprocessing = 0;
		};
/* End PBXResourcesBuildPhase section */

/* Begin PBXSourcesBuildPhase section */
		02275735262AD1CB00FEAF43 /* Sources */ = {
			isa = PBXSourcesBuildPhase;
			buildActionMask = 2147483647;
			files = (
				029CA34D262C2908007087F2 /* ServicesViewController.swift in Sources */,
				024F4954262C5A58005C04BB /* SocialMediaViewController.swift in Sources */,
				02275741262AD1CB00FEAF43 /* ViewController.swift in Sources */,
				024F4944262C59F4005C04BB /* CmsViewController.swift in Sources */,
				0227573D262AD1CB00FEAF43 /* AppDelegate.swift in Sources */,
				024F4956262C5A69005C04BB /* WebAppDesignDevViewController.swift in Sources */,
				024F4950262C5A40005C04BB /* MarketingViewController.swift in Sources */,
				024F4968262C5F21005C04BB /* VideoViewController.swift in Sources */,
				022A8DBA262E0561007C5557 /* PrintViewController.swift in Sources */,
				024F494C262C5A2B005C04BB /* LogoDesignViewController.swift in Sources */,
				024F494E262C5A36005C04BB /* PublicRelationsViewController.swift in Sources */,
				029CA350262C2922007087F2 /* DigitalConsultancyViewController.swift in Sources */,
				029CA347262C2894007087F2 /* AboutViewController.swift in Sources */,
				024F494A262C5A21005C04BB /* LeadGenerationViewController.swift in Sources */,
				024F4960262C5EE9005C04BB /* InfluenceViewController.swift in Sources */,
				024F495A262C5E4B005C04BB /* AffiliateViewController.swift in Sources */,
				024F4946262C5A07005C04BB /* EcommerceSolutionsViewController.swift in Sources */,
				029CA35F262C4240007087F2 /* PublisherViewController.swift in Sources */,
				029CA35C262C4222007087F2 /* AdvertiserViewController.swift in Sources */,
				024F4948262C5A16005C04BB /* GoogleAdwordsViewController.swift in Sources */,
				0227573F262AD1CB00FEAF43 /* SceneDelegate.swift in Sources */,
				029CA359262C38DC007087F2 /* BlogViewController.swift in Sources */,
				024F4964262C5F0E005C04BB /* SocMedViewController.swift in Sources */,
				024F495E262C5E5F005C04BB /* EmailViewController.swift in Sources */,
				024F4952262C5A4E005C04BB /* SearchEngineViewController.swift in Sources */,
				024F495C262C5E54005C04BB /* ContentViewController.swift in Sources */,
				022A8DB8262E0558007C5557 /* DisplayViewController.swift in Sources */,
				024F4962262C5EF8005C04BB /* SeaEngViewController.swift in Sources */,
				024F4958262C5E3B005C04BB /* AdvertisingViewController.swift in Sources */,
				029CA356262C2960007087F2 /* HiringViewController.swift in Sources */,
				029CA34A262C28E1007087F2 /* AdsNetworkViewController.swift in Sources */,
				024F4966262C5F18005C04BB /* SmsViewController.swift in Sources */,
				024F496A262C5F2D005C04BB /* WhatsappViewController.swift in Sources */,
				029CA353262C293E007087F2 /* DigitalTrainingViewController.swift in Sources */,
			);
			runOnlyForDeploymentPostprocessing = 0;
		};
/* End PBXSourcesBuildPhase section */

/* Begin PBXVariantGroup section */
		02275742262AD1CB00FEAF43 /* Main.storyboard */ = {
			isa = PBXVariantGroup;
			children = (
				02275743262AD1CB00FEAF43 /* Base */,
			);
			name = Main.storyboard;
			sourceTree = "<group>";
		};
		02275747262AD1CC00FEAF43 /* LaunchScreen.storyboard */ = {
			isa = PBXVariantGroup;
			children = (
				02275748262AD1CC00FEAF43 /* Base */,
			);
			name = LaunchScreen.storyboard;
			sourceTree = "<group>";
		};
/* End PBXVariantGroup section */

/* Begin XCBuildConfiguration section */
		0227574B262AD1CC00FEAF43 /* Debug */ = {
			isa = XCBuildConfiguration;
			buildSettings = {
				ALWAYS_SEARCH_USER_PATHS = NO;
				CLANG_ANALYZER_NONNULL = YES;
				CLANG_ANALYZER_NUMBER_OBJECT_CONVERSION = YES_AGGRESSIVE;
				CLANG_CXX_LANGUAGE_STANDARD = "gnu++14";
				CLANG_CXX_LIBRARY = "libc++";
				CLANG_ENABLE_MODULES = YES;
				CLANG_ENABLE_OBJC_ARC = YES;
				CLANG_ENABLE_OBJC_WEAK = YES;
				CLANG_WARN_BLOCK_CAPTURE_AUTORELEASING = YES;
				CLANG_WARN_BOOL_CONVERSION = YES;
				CLANG_WARN_COMMA = YES;
				CLANG_WARN_CONSTANT_CONVERSION = YES;
				CLANG_WARN_DEPRECATED_OBJC_IMPLEMENTATIONS = YES;
				CLANG_WARN_DIRECT_OBJC_ISA_USAGE = YES_ERROR;
				CLANG_WARN_DOCUMENTATION_COMMENTS = YES;
				CLANG_WARN_EMPTY_BODY = YES;
				CLANG_WARN_ENUM_CONVERSION = YES;
				CLANG_WARN_INFINITE_RECURSION = YES;
				CLANG_WARN_INT_CONVERSION = YES;
				CLANG_WARN_NON_LITERAL_NULL_CONVERSION = YES;
				CLANG_WARN_OBJC_IMPLICIT_RETAIN_SELF = YES;
				CLANG_WARN_OBJC_LITERAL_CONVERSION = YES;
				CLANG_WARN_OBJC_ROOT_CLASS = YES_ERROR;
				CLANG_WARN_QUOTED_INCLUDE_IN_FRAMEWORK_HEADER = YES;
				CLANG_WARN_RANGE_LOOP_ANALYSIS = YES;
				CLANG_WARN_STRICT_PROTOTYPES = YES;
				CLANG_WARN_SUSPICIOUS_MOVE = YES;
				CLANG_WARN_UNGUARDED_AVAILABILITY = YES_AGGRESSIVE;
				CLANG_WARN_UNREACHABLE_CODE = YES;
				CLANG_WARN__DUPLICATE_METHOD_MATCH = YES;
				COPY_PHASE_STRIP = NO;
				DEBUG_INFORMATION_FORMAT = dwarf;
				ENABLE_STRICT_OBJC_MSGSEND = YES;
				ENABLE_TESTABILITY = YES;
				GCC_C_LANGUAGE_STANDARD = gnu11;
				GCC_DYNAMIC_NO_PIC = NO;
				GCC_NO_COMMON_BLOCKS = YES;
				GCC_OPTIMIZATION_LEVEL = 0;
				GCC_PREPROCESSOR_DEFINITIONS = (
					"DEBUG=1",
					"$(inherited)",
				);
				GCC_WARN_64_TO_32_BIT_CONVERSION = YES;
				GCC_WARN_ABOUT_RETURN_TYPE = YES_ERROR;
				GCC_WARN_UNDECLARED_SELECTOR = YES;
				GCC_WARN_UNINITIALIZED_AUTOS = YES_AGGRESSIVE;
				GCC_WARN_UNUSED_FUNCTION = YES;
				GCC_WARN_UNUSED_VARIABLE = YES;
				IPHONEOS_DEPLOYMENT_TARGET = 11.0;
				MTL_ENABLE_DEBUG_INFO = INCLUDE_SOURCE;
				MTL_FAST_MATH = YES;
				ONLY_ACTIVE_ARCH = YES;
				SDKROOT = iphoneos;
				SWIFT_ACTIVE_COMPILATION_CONDITIONS = DEBUG;
				SWIFT_OPTIMIZATION_LEVEL = "-Onone";
			};
			name = Debug;
		};
		0227574C262AD1CC00FEAF43 /* Release */ = {
			isa = XCBuildConfiguration;
			buildSettings = {
				ALWAYS_SEARCH_USER_PATHS = NO;
				CLANG_ANALYZER_NONNULL = YES;
				CLANG_ANALYZER_NUMBER_OBJECT_CONVERSION = YES_AGGRESSIVE;
				CLANG_CXX_LANGUAGE_STANDARD = "gnu++14";
				CLANG_CXX_LIBRARY = "libc++";
				CLANG_ENABLE_MODULES = YES;
				CLANG_ENABLE_OBJC_ARC = YES;
				CLANG_ENABLE_OBJC_WEAK = YES;
				CLANG_WARN_BLOCK_CAPTURE_AUTORELEASING = YES;
				CLANG_WARN_BOOL_CONVERSION = YES;
				CLANG_WARN_COMMA = YES;
				CLANG_WARN_CONSTANT_CONVERSION = YES;
				CLANG_WARN_DEPRECATED_OBJC_IMPLEMENTATIONS = YES;
				CLANG_WARN_DIRECT_OBJC_ISA_USAGE = YES_ERROR;
				CLANG_WARN_DOCUMENTATION_COMMENTS = YES;
				CLANG_WARN_EMPTY_BODY = YES;
				CLANG_WARN_ENUM_CONVERSION = YES;
				CLANG_WARN_INFINITE_RECURSION = YES;
				CLANG_WARN_INT_CONVERSION = YES;
				CLANG_WARN_NON_LITERAL_NULL_CONVERSION = YES;
				CLANG_WARN_OBJC_IMPLICIT_RETAIN_SELF = YES;
				CLANG_WARN_OBJC_LITERAL_CONVERSION = YES;
				CLANG_WARN_OBJC_ROOT_CLASS = YES_ERROR;
				CLANG_WARN_QUOTED_INCLUDE_IN_FRAMEWORK_HEADER = YES;
				CLANG_WARN_RANGE_LOOP_ANALYSIS = YES;
				CLANG_WARN_STRICT_PROTOTYPES = YES;
				CLANG_WARN_SUSPICIOUS_MOVE = YES;
				CLANG_WARN_UNGUARDED_AVAILABILITY = YES_AGGRESSIVE;
				CLANG_WARN_UNREACHABLE_CODE = YES;
				CLANG_WARN__DUPLICATE_METHOD_MATCH = YES;
				COPY_PHASE_STRIP = NO;
				DEBUG_INFORMATION_FORMAT = "dwarf-with-dsym";
				ENABLE_NS_ASSERTIONS = NO;
				ENABLE_STRICT_OBJC_MSGSEND = YES;
				GCC_C_LANGUAGE_STANDARD = gnu11;
				GCC_NO_COMMON_BLOCKS = YES;
				GCC_WARN_64_TO_32_BIT_CONVERSION = YES;
				GCC_WARN_ABOUT_RETURN_TYPE = YES_ERROR;
				GCC_WARN_UNDECLARED_SELECTOR = YES;
				GCC_WARN_UNINITIALIZED_AUTOS = YES_AGGRESSIVE;
				GCC_WARN_UNUSED_FUNCTION = YES;
				GCC_WARN_UNUSED_VARIABLE = YES;
				IPHONEOS_DEPLOYMENT_TARGET = 11.0;
				MTL_ENABLE_DEBUG_INFO = NO;
				MTL_FAST_MATH = YES;
				SDKROOT = iphoneos;
				SWIFT_COMPILATION_MODE = wholemodule;
				SWIFT_OPTIMIZATION_LEVEL = "-O";
				VALIDATE_PRODUCT = YES;
			};
			name = Release;
		};
		0227574E262AD1CC00FEAF43 /* Debug */ = {
			isa = XCBuildConfiguration;
			buildSettings = {
				ASSETCATALOG_COMPILER_APPICON_NAME = AppIcon;
				ASSETCATALOG_COMPILER_GLOBAL_ACCENT_COLOR_NAME = AccentColor;
				CODE_SIGN_STYLE = Automatic;
				CURRENT_PROJECT_VERSION = 2;
				DEVELOPMENT_TEAM = 23B9F9FCMC;
				INFOPLIST_FILE = "Bridging Points Media/Info.plist";
				IPHONEOS_DEPLOYMENT_TARGET = 11.0;
				LD_RUNPATH_SEARCH_PATHS = (
					"$(inherited)",
					"@executable_path/Frameworks",
				);
				MARKETING_VERSION = 1.0.1;
				PRODUCT_BUNDLE_IDENTIFIER = "com.bridgingpointsmedia.Bridging-Points-Media";
				PRODUCT_NAME = "$(TARGET_NAME)";
				SWIFT_VERSION = 5.0;
				TARGETED_DEVICE_FAMILY = 1;
			};
			name = Debug;
		};
		0227574F262AD1CC00FEAF43 /* Release */ = {
			isa = XCBuildConfiguration;
			buildSettings = {
				ASSETCATALOG_COMPILER_APPICON_NAME = AppIcon;
				ASSETCATALOG_COMPILER_GLOBAL_ACCENT_COLOR_NAME = AccentColor;
				CODE_SIGN_STYLE = Automatic;
				CURRENT_PROJECT_VERSION = 2;
				DEVELOPMENT_TEAM = 23B9F9FCMC;
				INFOPLIST_FILE = "Bridging Points Media/Info.plist";
				IPHONEOS_DEPLOYMENT_TARGET = 11.0;
				LD_RUNPATH_SEARCH_PATHS = (
					"$(inherited)",
					"@executable_path/Frameworks",
				);
				MARKETING_VERSION = 1.0.1;
				PRODUCT_BUNDLE_IDENTIFIER = "com.bridgingpointsmedia.Bridging-Points-Media";
				PRODUCT_NAME = "$(TARGET_NAME)";
				SWIFT_VERSION = 5.0;
				TARGETED_DEVICE_FAMILY = 1;
			};
			name = Release;
		};
/* End XCBuildConfiguration section */

/* Begin XCConfigurationList section */
		02275734262AD1CB00FEAF43 /* Build configuration list for PBXProject "Bridging Points Media" */ = {
			isa = XCConfigurationList;
			buildConfigurations = (
				0227574B262AD1CC00FEAF43 /* Debug */,
				0227574C262AD1CC00FEAF43 /* Release */,
			);
			defaultConfigurationIsVisible = 0;
			defaultConfigurationName = Release;
		};
		0227574D262AD1CC00FEAF43 /* Build configuration list for PBXNativeTarget "Bridging Points Media" */ = {
			isa = XCConfigurationList;
			buildConfigurations = (
				0227574E262AD1CC00FEAF43 /* Debug */,
				0227574F262AD1CC00FEAF43 /* Release */,
			);
			defaultConfigurationIsVisible = 0;
			defaultConfigurationName = Release;
		};
/* End XCConfigurationList section */
	};
	rootObject = 02275731262AD1CB00FEAF43 /* Project object */;
}
